
Microsoft Visual Studio Solution File, Format Version 12.00
# Visual Studio Version 17
VisualStudioVersion = 17.3.32825.248
MinimumVisualStudioVersion = 10.0.40219.1
Project("{FAE04EC0-301F-11D3-BF4B-00C04F79EFBC}") = "zooap10", "zooap10\zooap10.csproj", "{27ED2371-0C85-4B3F-B70E-7C7976A535EF}"
EndProject
Project("{FAE04EC0-301F-11D3-BF4B-00C04F79EFBC}") = "UnitTestProject1", "UnitTestProject1\UnitTestProject1.csproj", "{F42441EC-0B55-4060-8921-E814D9E3B8CC}"
EndProject
Global
	GlobalSection(SolutionConfigurationPlatforms) = preSolution
		Debug|Any CPU = Debug|Any CPU
		Release|Any CPU = Release|Any CPU
	EndGlobalSection
	GlobalSection(ProjectConfigurationPlatforms) = postSolution
		{27ED2371-0C85-4B3F-B70E-7C7976A535EF}.Debug|Any CPU.ActiveCfg = Debug|Any CPU
		{27ED2371-0C85-4B3F-B70E-7C7976A535EF}.Debug|Any CPU.Build.0 = Debug|Any CPU
		{27ED2371-0C85-4B3F-B70E-7C7976A535EF}.Release|Any CPU.ActiveCfg = Release|Any CPU
		{27ED2371-0C85-4B3F-B70E-7C7976A535EF}.Release|Any CPU.Build.0 = Release|Any CPU
		{F42441EC-0B55-4060-8921-E814D9E3B8CC}.Debug|Any CPU.ActiveCfg = Debug|Any CPU
		{F42441EC-0B55-4060-8921-E814D9E3B8CC}.Debug|Any CPU.Build.0 = Debug|Any CPU
		{F42441EC-0B55-4060-8921-E814D9E3B8CC}.Release|Any CPU.ActiveCfg = Release|Any CPU
		{F42441EC-0B55-4060-8921-E814D9E3B8CC}.Release|Any CPU.Build.0 = Release|Any CPU
	EndGlobalSection
	GlobalSection(SolutionProperties) = preSolution
		HideSolutionNode = FALSE
	EndGlobalSection
	GlobalSection(ExtensibilityGlobals) = postSolution
		SolutionGuid = {4E45A386-19B6-45E3-8143-96F7B18E53D6}
	EndGlobalSection
EndGlobal
